
Microsoft Visual Studio Solution File, Format Version 12.00
# Visual Studio 15
VisualStudioVersion = 15.0.28307.902
MinimumVisualStudioVersion = 10.0.40219.1
Project("{9A19103F-16F7-4668-BE54-9A1E7A4F7556}") = "FeedbackCollection", "FeedbackCollection\FeedbackCollection.csproj", "{A858F9FD-141E-4048-8ECE-E801900A0F76}"
EndProject
Project("{9A19103F-16F7-4668-BE54-9A1E7A4F7556}") = "FeedbackCollection.Bo", "FeedbackCollection.Bo\FeedbackCollection.Bo.csproj", "{6D13B910-2A77-4107-8664-C782F25D1266}"
EndProject
Global
	GlobalSection(SolutionConfigurationPlatforms) = preSolution
		Debug|Any CPU = Debug|Any CPU
		Release|Any CPU = Release|Any CPU
	EndGlobalSection
	GlobalSection(ProjectConfigurationPlatforms) = postSolution
		{A858F9FD-141E-4048-8ECE-E801900A0F76}.Debug|Any CPU.ActiveCfg = Debug|Any CPU
		{A858F9FD-141E-4048-8ECE-E801900A0F76}.Debug|Any CPU.Build.0 = Debug|Any CPU
		{A858F9FD-141E-4048-8ECE-E801900A0F76}.Release|Any CPU.ActiveCfg = Release|Any CPU
		{A858F9FD-141E-4048-8ECE-E801900A0F76}.Release|Any CPU.Build.0 = Release|Any CPU
		{6D13B910-2A77-4107-8664-C782F25D1266}.Debug|Any CPU.ActiveCfg = Debug|Any CPU
		{6D13B910-2A77-4107-8664-C782F25D1266}.Debug|Any CPU.Build.0 = Debug|Any CPU
		{6D13B910-2A77-4107-8664-C782F25D1266}.Release|Any CPU.ActiveCfg = Release|Any CPU
		{6D13B910-2A77-4107-8664-C782F25D1266}.Release|Any CPU.Build.0 = Release|Any CPU
	EndGlobalSection
	GlobalSection(SolutionProperties) = preSolution
		HideSolutionNode = FALSE
	EndGlobalSection
	GlobalSection(ExtensibilityGlobals) = postSolution
		SolutionGuid = {4B9B2CF1-CE1A-4EE1-BB8F-13E1AF6C8599}
	EndGlobalSection
EndGlobal
